
Microsoft Visual Studio Solution File, Format Version 12.00
# Visual Studio Version 17
VisualStudioVersion = 17.5.33502.453
MinimumVisualStudioVersion = 10.0.40219.1
Project("{FAE04EC0-301F-11D3-BF4B-00C04F79EFBC}") = "WpfApp1", "WpfApp1\WpfApp1.csproj", "{DF6D4805-5DAC-486C-A595-1F3029662972}"
EndProject
Global
	GlobalSection(SolutionConfigurationPlatforms) = preSolution
		Debug|Any CPU = Debug|Any CPU
		Release|Any CPU = Release|Any CPU
	EndGlobalSection
	GlobalSection(ProjectConfigurationPlatforms) = postSolution
		{DF6D4805-5DAC-486C-A595-1F3029662972}.Debug|Any CPU.ActiveCfg = Debug|Any CPU
		{DF6D4805-5DAC-486C-A595-1F3029662972}.Debug|Any CPU.Build.0 = Debug|Any CPU
		{DF6D4805-5DAC-486C-A595-1F3029662972}.Release|Any CPU.ActiveCfg = Release|Any CPU
		{DF6D4805-5DAC-486C-A595-1F3029662972}.Release|Any CPU.Build.0 = Release|Any CPU
	EndGlobalSection
	GlobalSection(SolutionProperties) = preSolution
		HideSolutionNode = FALSE
	EndGlobalSection
	GlobalSection(ExtensibilityGlobals) = postSolution
		SolutionGuid = {730ECE2A-C1BB-494A-82F8-1BA07AD08DF9}
	EndGlobalSection
EndGlobal
